{
	"name": "@gammabowl/example-lerna-monorepo-client-nestjs",
	"version": "1.0.0",
	"lockfileVersion": 2,
	"requires": true,
	"packages": {
		"": {
			"name": "@gammabowl/example-lerna-monorepo-client-nestjs",
			"version": "1.0.0",
			"license": "MIT License",
			"devDependencies": {
				"@nestjs/common": "^8.0.0",
				"typescript": "^4.3.5"
			},
			"peerDependencies": {
				"@nestjs/common": "^8.0.0"
			}
		},
		"node_modules/@nestjs/common": {
			"version": "8.4.4",
			"resolved": "https://registry.npmjs.org/@nestjs/common/-/common-8.4.4.tgz",
			"integrity": "sha512-QHi7QcgH/5Jinz+SCfIZJkFHc6Cch1YsAEGFEhi6wSp6MILb0sJMQ1CX06e9tCOAjSlBwaJj4PH0eFCVau5v9Q==",
			"dev": true,
			"dependencies": {
				"axios": "0.26.1",
				"iterare": "1.2.1",
				"tslib": "2.3.1",
				"uuid": "8.3.2"
			},
			"funding": {
				"type": "opencollective",
				"url": "https://opencollective.com/nest"
			},
			"peerDependencies": {
				"cache-manager": "*",
				"class-transformer": "*",
				"class-validator": "*",
				"reflect-metadata": "^0.1.12",
				"rxjs": "^7.1.0"
			},
			"peerDependenciesMeta": {
				"cache-manager": {
					"optional": true
				},
				"class-transformer": {
					"optional": true
				},
				"class-validator": {
					"optional": true
				}
			}
		},
		"node_modules/axios": {
			"version": "0.26.1",
			"dev": true,
			"license": "MIT",
			"dependencies": {
				"follow-redirects": "^1.14.8"
			}
		},
		"node_modules/follow-redirects": {
			"version": "1.14.9",
			"dev": true,
			"funding": [
				{
					"type": "individual",
					"url": "https://github.com/sponsors/RubenVerborgh"
				}
			],
			"license": "MIT",
			"engines": {
				"node": ">=4.0"
			},
			"peerDependenciesMeta": {
				"debug": {
					"optional": true
				}
			}
		},
		"node_modules/iterare": {
			"version": "1.2.1",
			"dev": true,
			"license": "ISC",
			"engines": {
				"node": ">=6"
			}
		},
		"node_modules/reflect-metadata": {
			"version": "0.1.13",
			"dev": true,
			"license": "Apache-2.0",
			"peer": true
		},
		"node_modules/rxjs": {
			"version": "7.5.5",
			"dev": true,
			"license": "Apache-2.0",
			"peer": true,
			"dependencies": {
				"tslib": "^2.1.0"
			}
		},
		"node_modules/tslib": {
			"version": "2.3.1",
			"dev": true,
			"license": "0BSD"
		},
		"node_modules/typescript": {
			"version": "4.6.3",
			"resolved": "https://registry.npmjs.org/typescript/-/typescript-4.6.3.tgz",
			"integrity": "sha512-yNIatDa5iaofVozS/uQJEl3JRWLKKGJKh6Yaiv0GLGSuhpFJe7P3SbHZ8/yjAHRQwKRoA6YZqlfjXWmVzoVSMw==",
			"dev": true,
			"bin": {
				"tsc": "bin/tsc",
				"tsserver": "bin/tsserver"
			},
			"engines": {
				"node": ">=4.2.0"
			}
		},
		"node_modules/uuid": {
			"version": "8.3.2",
			"dev": true,
			"license": "MIT",
			"bin": {
				"uuid": "dist/bin/uuid"
			}
		}
	},
	"dependencies": {
		"@nestjs/common": {
			"version": "8.4.4",
			"resolved": "https://registry.npmjs.org/@nestjs/common/-/common-8.4.4.tgz",
			"integrity": "sha512-QHi7QcgH/5Jinz+SCfIZJkFHc6Cch1YsAEGFEhi6wSp6MILb0sJMQ1CX06e9tCOAjSlBwaJj4PH0eFCVau5v9Q==",
			"dev": true,
			"requires": {
				"axios": "0.26.1",
				"iterare": "1.2.1",
				"tslib": "2.3.1",
				"uuid": "8.3.2"
			}
		},
		"axios": {
			"version": "0.26.1",
			"dev": true,
			"requires": {
				"follow-redirects": "^1.14.8"
			}
		},
		"follow-redirects": {
			"version": "1.14.9",
			"dev": true
		},
		"iterare": {
			"version": "1.2.1",
			"dev": true
		},
		"reflect-metadata": {
			"version": "0.1.13",
			"dev": true,
			"peer": true
		},
		"rxjs": {
			"version": "7.5.5",
			"dev": true,
			"peer": true,
			"requires": {
				"tslib": "^2.1.0"
			}
		},
		"tslib": {
			"version": "2.3.1",
			"dev": true
		},
		"typescript": {
			"version": "4.6.3",
			"resolved": "https://registry.npmjs.org/typescript/-/typescript-4.6.3.tgz",
			"integrity": "sha512-yNIatDa5iaofVozS/uQJEl3JRWLKKGJKh6Yaiv0GLGSuhpFJe7P3SbHZ8/yjAHRQwKRoA6YZqlfjXWmVzoVSMw==",
			"dev": true
		},
		"uuid": {
			"version": "8.3.2",
			"dev": true
		}
	}
}
